
Microsoft Visual Studio Solution File, Format Version 12.00
# Visual Studio Version 17
VisualStudioVersion = 17.14.36203.30 d17.14
MinimumVisualStudioVersion = 10.0.40219.1
Project("{FAE04EC0-301F-11D3-BF4B-00C04F79EFBC}") = "ContosoUniversity", "ContosoUniversity\ContosoUniversity.csproj", "{AA7A996D-375B-4811-9C3C-49B5FE06F904}"
EndProject
Global
	GlobalSection(SolutionConfigurationPlatforms) = preSolution
		Debug|Any CPU = Debug|Any CPU
		Release|Any CPU = Release|Any CPU
	EndGlobalSection
	GlobalSection(ProjectConfigurationPlatforms) = postSolution
		{AA7A996D-375B-4811-9C3C-49B5FE06F904}.Debug|Any CPU.ActiveCfg = Debug|Any CPU
		{AA7A996D-375B-4811-9C3C-49B5FE06F904}.Debug|Any CPU.Build.0 = Debug|Any CPU
		{AA7A996D-375B-4811-9C3C-49B5FE06F904}.Release|Any CPU.ActiveCfg = Release|Any CPU
		{AA7A996D-375B-4811-9C3C-49B5FE06F904}.Release|Any CPU.Build.0 = Release|Any CPU
	EndGlobalSection
	GlobalSection(SolutionProperties) = preSolution
		HideSolutionNode = FALSE
	EndGlobalSection
	GlobalSection(ExtensibilityGlobals) = postSolution
		SolutionGuid = {1795C9B7-039E-49D9-BCE8-9BEF19168110}
	EndGlobalSection
EndGlobal
